
Microsoft Visual Studio Solution File, Format Version 12.00
# Visual Studio Version 17
VisualStudioVersion = 17.4.33110.190
MinimumVisualStudioVersion = 10.0.40219.1
Project("{9A19103F-16F7-4668-BE54-9A1E7A4F7556}") = "MainFile", "MainFile\MainFile.csproj", "{2451256F-34F6-491C-8721-F81725E5C2E8}"
EndProject
Project("{9A19103F-16F7-4668-BE54-9A1E7A4F7556}") = "Entities", "Entities\Entities.csproj", "{257E8F3E-5259-4610-94D6-6E8907BEB521}"
EndProject
Global
	GlobalSection(SolutionConfigurationPlatforms) = preSolution
		Debug|Any CPU = Debug|Any CPU
		Release|Any CPU = Release|Any CPU
	EndGlobalSection
	GlobalSection(ProjectConfigurationPlatforms) = postSolution
		{2451256F-34F6-491C-8721-F81725E5C2E8}.Debug|Any CPU.ActiveCfg = Debug|Any CPU
		{2451256F-34F6-491C-8721-F81725E5C2E8}.Debug|Any CPU.Build.0 = Debug|Any CPU
		{2451256F-34F6-491C-8721-F81725E5C2E8}.Release|Any CPU.ActiveCfg = Release|Any CPU
		{2451256F-34F6-491C-8721-F81725E5C2E8}.Release|Any CPU.Build.0 = Release|Any CPU
		{257E8F3E-5259-4610-94D6-6E8907BEB521}.Debug|Any CPU.ActiveCfg = Debug|Any CPU
		{257E8F3E-5259-4610-94D6-6E8907BEB521}.Debug|Any CPU.Build.0 = Debug|Any CPU
		{257E8F3E-5259-4610-94D6-6E8907BEB521}.Release|Any CPU.ActiveCfg = Release|Any CPU
		{257E8F3E-5259-4610-94D6-6E8907BEB521}.Release|Any CPU.Build.0 = Release|Any CPU
	EndGlobalSection
	GlobalSection(SolutionProperties) = preSolution
		HideSolutionNode = FALSE
	EndGlobalSection
	GlobalSection(ExtensibilityGlobals) = postSolution
		SolutionGuid = {2F1663DE-2593-4D40-841D-FA40364BCE6F}
	EndGlobalSection
EndGlobal
